// !$*UTF8*$!
{
	archiveVersion = 1;
	classes = {
	};
	objectVersion = 77;
	objects = {

/* Begin PBXBuildFile section */
/* End PBXBuildFile section */

/* Begin PBXContainerItemProxy section */
		D1D100070000000000000001 /* PBXContainerItemProxy */ = {
			isa = PBXContainerItemProxy;
			containerPortal = C0C16B3E2F7423BE00A2A16F /* Project object */;
			proxyType = 1;
			remoteGlobalIDString = D1D100090000000000000001;
			remoteInfo = codexpanelCLI;
		};
/* End PBXContainerItemProxy section */

/* Begin PBXShellScriptBuildPhase section */
		D1D100060000000000000001 /* Copy CLI Helper */ = {
			isa = PBXShellScriptBuildPhase;
			alwaysOutOfDate = 1;
			buildActionMask = 2147483647;
			files = (
			);
			inputFileListPaths = (
			);
			inputPaths = (
				"$(BUILT_PRODUCTS_DIR)/$(CODEXPANEL_CLI_HELPER_NAME)",
			);
			name = "Copy CLI Helper";
			outputFileListPaths = (
			);
			outputPaths = (
				"$(TARGET_BUILD_DIR)/$(CONTENTS_FOLDER_PATH)/Helpers/$(CODEXPANEL_CLI_HELPER_NAME)",
			);
			runOnlyForDeploymentPostprocessing = 0;
			shellPath = /bin/sh;
			shellScript = "set -eu\nhelper_name=\"${CODEXPANEL_CLI_HELPER_NAME:-codexpanel}\"\nsource_path=\"${BUILT_PRODUCTS_DIR}/${helper_name}\"\ndest_dir=\"${TARGET_BUILD_DIR}/${CONTENTS_FOLDER_PATH}/Helpers\"\ndest_path=\"${dest_dir}/${helper_name}\"\nif [ ! -f \"${source_path}\" ]; then\n  echo \"error: CLI helper missing: ${source_path}\" >&2\n  exit 1\nfi\nmkdir -p \"${dest_dir}\"\ncp -f \"${source_path}\" \"${dest_path}\"\nchmod +x \"${dest_path}\"\n";
		};
/* End PBXShellScriptBuildPhase section */

/* Begin PBXFileReference section */
		9F23A0013C5A4B7200A00001 /* Signing.local.example.xcconfig */ = {isa = PBXFileReference; lastKnownFileType = text.xcconfig; path = Signing.local.example.xcconfig; sourceTree = "<group>"; };
		9F23A0023C5A4B7200A00001 /* Signing.xcconfig */ = {isa = PBXFileReference; lastKnownFileType = text.xcconfig; path = Signing.xcconfig; sourceTree = "<group>"; };
		C0C16B462F7423BE00A2A16F /* Codex Panel.app */ = {isa = PBXFileReference; explicitFileType = wrapper.application; includeInIndex = 0; path = "Codex Panel.app"; sourceTree = BUILT_PRODUCTS_DIR; };
		C0C16B6B2F7428A100A2A16F /* codexpanelTests.xctest */ = {isa = PBXFileReference; explicitFileType = wrapper.cfbundle; includeInIndex = 0; path = codexpanelTests.xctest; sourceTree = BUILT_PRODUCTS_DIR; };
		D1D100020000000000000001 /* codexpanel */ = {isa = PBXFileReference; explicitFileType = "compiled.mach-o.executable"; includeInIndex = 0; path = codexpanel; sourceTree = BUILT_PRODUCTS_DIR; };
/* End PBXFileReference section */

/* Begin PBXFileSystemSynchronizedBuildFileExceptionSet section */
		C0C16B682F74282500A2A16F /* Exceptions for "codexPanel" folder in "codexpanel" target */ = {
			isa = PBXFileSystemSynchronizedBuildFileExceptionSet;
			membershipExceptions = (
				Info.plist,
			);
			target = C0C16B452F7423BE00A2A16F /* codexPanel */;
		};
			C0C16B6D2F7428A100A2A16F /* Exceptions for "codexPanel" folder in "codexpanelTests" target */ = {
				isa = PBXFileSystemSynchronizedBuildFileExceptionSet;
				membershipExceptions = (
					Info.plist,
					ContentView.swift,
					codexPanelApp.swift,
				);
				target = C0C16B782F7428A100A2A16F /* codexpanelTests */;
			};
			D1D1000D0000000000000001 /* Exceptions for "codexpanelCLI" folder in "codexpanelTests" target */ = {
				isa = PBXFileSystemSynchronizedBuildFileExceptionSet;
				membershipExceptions = (
					main.swift,
				);
				target = C0C16B782F7428A100A2A16F /* codexpanelTests */;
			};
/* End PBXFileSystemSynchronizedBuildFileExceptionSet section */

/* Begin PBXFileSystemSynchronizedRootGroup section */
		C0C16B482F7423BE00A2A16F /* codexPanel */ = {
			isa = PBXFileSystemSynchronizedRootGroup;
			exceptions = (
				C0C16B682F74282500A2A16F /* Exceptions for "codexPanel" folder in "codexpanel" target */,
				C0C16B6D2F7428A100A2A16F /* Exceptions for "codexPanel" folder in "codexpanelTests" target */,
			);
			path = codexPanel;
			sourceTree = "<group>";
		};
		C0C16B6F2F7428A100A2A16F /* codexPanelTests */ = {
			isa = PBXFileSystemSynchronizedRootGroup;
			path = codexPanelTests;
			sourceTree = "<group>";
		};
			D1D100030000000000000001 /* codexpanelCLI */ = {
				isa = PBXFileSystemSynchronizedRootGroup;
				exceptions = (
					D1D1000D0000000000000001 /* Exceptions for "codexpanelCLI" folder in "codexpanelTests" target */,
				);
				path = codexpanelCLI;
				sourceTree = "<group>";
			};
/* End PBXFileSystemSynchronizedRootGroup section */

/* Begin PBXFrameworksBuildPhase section */
		C0C16B432F7423BE00A2A16F /* Frameworks */ = {
			isa = PBXFrameworksBuildPhase;
			buildActionMask = 2147483647;
			files = (
			);
			runOnlyForDeploymentPostprocessing = 0;
		};
		C0C16B722F7428A100A2A16F /* Frameworks */ = {
			isa = PBXFrameworksBuildPhase;
			buildActionMask = 2147483647;
			files = (
			);
			runOnlyForDeploymentPostprocessing = 0;
		};
		C0C16B742F7428A100A2A16F /* Frameworks */ = {
			isa = PBXFrameworksBuildPhase;
			buildActionMask = 2147483647;
			files = (
			);
			runOnlyForDeploymentPostprocessing = 0;
		};
		D1D100040000000000000001 /* Frameworks */ = {
			isa = PBXFrameworksBuildPhase;
			buildActionMask = 2147483647;
			files = (
			);
			runOnlyForDeploymentPostprocessing = 0;
		};
/* End PBXFrameworksBuildPhase section */

/* Begin PBXGroup section */
		9F23A0033C5A4B7200A00001 /* Configs */ = {
			isa = PBXGroup;
			children = (
				9F23A0023C5A4B7200A00001 /* Signing.xcconfig */,
				9F23A0013C5A4B7200A00001 /* Signing.local.example.xcconfig */,
			);
			path = Configs;
			sourceTree = "<group>";
		};
		C0C16B3D2F7423BE00A2A16F = {
			isa = PBXGroup;
			children = (
				9F23A0033C5A4B7200A00001 /* Configs */,
				C0C16B482F7423BE00A2A16F /* codexPanel */,
				C0C16B6F2F7428A100A2A16F /* codexPanelTests */,
				D1D100030000000000000001 /* codexpanelCLI */,
				C0C16B472F7423BE00A2A16F /* Products */,
			);
			sourceTree = "<group>";
		};
		C0C16B472F7423BE00A2A16F /* Products */ = {
			isa = PBXGroup;
			children = (
				C0C16B462F7423BE00A2A16F /* Codex Panel.app */,
				C0C16B6B2F7428A100A2A16F /* codexpanelTests.xctest */,
				D1D100020000000000000001 /* codexpanel */,
			);
			name = Products;
			sourceTree = "<group>";
		};
/* End PBXGroup section */

/* Begin PBXNativeTarget section */
		C0C16B452F7423BE00A2A16F /* codexpanel */ = {
			isa = PBXNativeTarget;
			buildConfigurationList = C0C16B512F7423BF00A2A16F /* Build configuration list for PBXNativeTarget "codexpanel" */;
			buildPhases = (
				C0C16B422F7423BE00A2A16F /* Sources */,
				C0C16B432F7423BE00A2A16F /* Frameworks */,
				C0C16B442F7423BE00A2A16F /* Resources */,
				D1D100060000000000000001 /* Copy CLI Helper */,
			);
			buildRules = (
			);
			dependencies = (
				D1D100080000000000000001 /* PBXTargetDependency */,
			);
			fileSystemSynchronizedGroups = (
				C0C16B482F7423BE00A2A16F /* codexPanel */,
			);
			name = codexpanel;
			packageProductDependencies = (
			);
			productName = codexpanel;
			productReference = C0C16B462F7423BE00A2A16F /* Codex Panel.app */;
			productType = "com.apple.product-type.application";
		};
		C0C16B782F7428A100A2A16F /* codexpanelTests */ = {
			isa = PBXNativeTarget;
			buildConfigurationList = C0C16B832F7428A100A2A16F /* Build configuration list for PBXNativeTarget "codexpanelTests" */;
			buildPhases = (
				C0C16B732F7428A100A2A16F /* Sources */,
				C0C16B742F7428A100A2A16F /* Frameworks */,
				C0C16B752F7428A100A2A16F /* Resources */,
			);
			buildRules = (
			);
			dependencies = (
			);
				fileSystemSynchronizedGroups = (
					C0C16B482F7423BE00A2A16F /* codexPanel */,
					C0C16B6F2F7428A100A2A16F /* codexPanelTests */,
					D1D100030000000000000001 /* codexpanelCLI */,
				);
			name = codexpanelTests;
			packageProductDependencies = (
			);
			productName = codexpanelTests;
			productReference = C0C16B6B2F7428A100A2A16F /* codexpanelTests.xctest */;
			productType = "com.apple.product-type.bundle.unit-test";
		};
		D1D100090000000000000001 /* codexpanelCLI */ = {
			isa = PBXNativeTarget;
			buildConfigurationList = D1D1000A0000000000000001 /* Build configuration list for PBXNativeTarget "codexpanelCLI" */;
			buildPhases = (
				D1D100050000000000000001 /* Sources */,
				D1D100040000000000000001 /* Frameworks */,
			);
			buildRules = (
			);
			dependencies = (
			);
			fileSystemSynchronizedGroups = (
				D1D100030000000000000001 /* codexpanelCLI */,
			);
			name = codexpanelCLI;
			packageProductDependencies = (
			);
			productName = codexpanel;
			productReference = D1D100020000000000000001 /* codexpanel */;
			productType = "com.apple.product-type.tool";
		};
/* End PBXNativeTarget section */

/* Begin PBXProject section */
		C0C16B3E2F7423BE00A2A16F /* Project object */ = {
			isa = PBXProject;
			attributes = {
				BuildIndependentTargetsInParallel = 1;
				LastSwiftUpdateCheck = 2630;
				LastUpgradeCheck = 2630;
				TargetAttributes = {
					C0C16B452F7423BE00A2A16F = {
						CreatedOnToolsVersion = 26.3;
					};
					C0C16B782F7428A100A2A16F = {
						CreatedOnToolsVersion = 26.3;
					};
					D1D100090000000000000001 = {
						CreatedOnToolsVersion = 26.3;
					};
				};
			};
			buildConfigurationList = C0C16B412F7423BE00A2A16F /* Build configuration list for PBXProject "codexpanel" */;
			developmentRegion = en;
			hasScannedForEncodings = 0;
			knownRegions = (
				en,
				Base,
			);
			mainGroup = C0C16B3D2F7423BE00A2A16F;
			minimizedProjectReferenceProxies = 1;
			preferredProjectObjectVersion = 77;
			productRefGroup = C0C16B472F7423BE00A2A16F /* Products */;
			projectDirPath = "";
			projectRoot = "";
			targets = (
				C0C16B452F7423BE00A2A16F /* codexpanel */,
				C0C16B782F7428A100A2A16F /* codexpanelTests */,
				D1D100090000000000000001 /* codexpanelCLI */,
			);
		};
/* End PBXProject section */

/* Begin PBXResourcesBuildPhase section */
		C0C16B442F7423BE00A2A16F /* Resources */ = {
			isa = PBXResourcesBuildPhase;
			buildActionMask = 2147483647;
			files = (
			);
			runOnlyForDeploymentPostprocessing = 0;
		};
/* End PBXResourcesBuildPhase section */

/* Begin PBXSourcesBuildPhase section */
			C0C16B422F7423BE00A2A16F /* Sources */ = {
				isa = PBXSourcesBuildPhase;
			buildActionMask = 2147483647;
			files = (
			);
			runOnlyForDeploymentPostprocessing = 0;
		};
			C0C16B732F7428A100A2A16F /* Sources */ = {
				isa = PBXSourcesBuildPhase;
				buildActionMask = 2147483647;
			files = (
			);
			runOnlyForDeploymentPostprocessing = 0;
		};
		D1D100050000000000000001 /* Sources */ = {
			isa = PBXSourcesBuildPhase;
			buildActionMask = 2147483647;
			files = (
			);
			runOnlyForDeploymentPostprocessing = 0;
		};
/* End PBXSourcesBuildPhase section */

/* Begin PBXTargetDependency section */
		D1D100080000000000000001 /* PBXTargetDependency */ = {
			isa = PBXTargetDependency;
			target = D1D100090000000000000001 /* codexpanelCLI */;
			targetProxy = D1D100070000000000000001 /* PBXContainerItemProxy */;
		};
/* End PBXTargetDependency section */

/* Begin XCBuildConfiguration section */
		C0C16B4F2F7423BF00A2A16F /* Debug */ = {
			isa = XCBuildConfiguration;
			baseConfigurationReference = 9F23A0023C5A4B7200A00001 /* Signing.xcconfig */;
			buildSettings = {
				ALWAYS_SEARCH_USER_PATHS = NO;
				ASSETCATALOG_COMPILER_GENERATE_SWIFT_ASSET_SYMBOL_EXTENSIONS = YES;
				CLANG_ANALYZER_NONNULL = YES;
				CLANG_ANALYZER_NUMBER_OBJECT_CONVERSION = YES_AGGRESSIVE;
				CLANG_CXX_LANGUAGE_STANDARD = "gnu++20";
				CLANG_ENABLE_MODULES = YES;
				CLANG_ENABLE_OBJC_ARC = YES;
				CLANG_ENABLE_OBJC_WEAK = YES;
				CLANG_WARN_BLOCK_CAPTURE_AUTORELEASING = YES;
				CLANG_WARN_BOOL_CONVERSION = YES;
				CLANG_WARN_COMMA = YES;
				CLANG_WARN_CONSTANT_CONVERSION = YES;
				CLANG_WARN_DEPRECATED_OBJC_IMPLEMENTATIONS = YES;
				CLANG_WARN_DIRECT_OBJC_ISA_USAGE = YES_ERROR;
				CLANG_WARN_DOCUMENTATION_COMMENTS = YES;
				CLANG_WARN_EMPTY_BODY = YES;
				CLANG_WARN_ENUM_CONVERSION = YES;
				CLANG_WARN_INFINITE_RECURSION = YES;
				CLANG_WARN_INT_CONVERSION = YES;
				CLANG_WARN_NON_LITERAL_NULL_CONVERSION = YES;
				CLANG_WARN_OBJC_IMPLICIT_RETAIN_SELF = YES;
				CLANG_WARN_OBJC_LITERAL_CONVERSION = YES;
				CLANG_WARN_OBJC_ROOT_CLASS = YES_ERROR;
				CLANG_WARN_QUOTED_INCLUDE_IN_FRAMEWORK_HEADER = YES;
				CLANG_WARN_RANGE_LOOP_ANALYSIS = YES;
				CLANG_WARN_STRICT_PROTOTYPES = YES;
				CLANG_WARN_SUSPICIOUS_MOVE = YES;
				CLANG_WARN_UNGUARDED_AVAILABILITY = YES_AGGRESSIVE;
				CLANG_WARN_UNREACHABLE_CODE = YES;
				CLANG_WARN__DUPLICATE_METHOD_MATCH = YES;
				COPY_PHASE_STRIP = NO;
				DEBUG_INFORMATION_FORMAT = dwarf;
				DEVELOPMENT_TEAM = "$(CODEXPANEL_DEVELOPMENT_TEAM)";
				ENABLE_STRICT_OBJC_MSGSEND = YES;
				ENABLE_TESTABILITY = YES;
				ENABLE_USER_SCRIPT_SANDBOXING = YES;
				GCC_C_LANGUAGE_STANDARD = gnu17;
				GCC_DYNAMIC_NO_PIC = NO;
				GCC_NO_COMMON_BLOCKS = YES;
				GCC_OPTIMIZATION_LEVEL = 0;
				GCC_PREPROCESSOR_DEFINITIONS = (
					"DEBUG=1",
					"$(inherited)",
				);
				GCC_WARN_64_TO_32_BIT_CONVERSION = YES;
				GCC_WARN_ABOUT_RETURN_TYPE = YES_ERROR;
				GCC_WARN_UNDECLARED_SELECTOR = YES;
				GCC_WARN_UNINITIALIZED_AUTOS = YES_AGGRESSIVE;
				GCC_WARN_UNUSED_FUNCTION = YES;
				GCC_WARN_UNUSED_VARIABLE = YES;
				LOCALIZATION_PREFERS_STRING_CATALOGS = YES;
				MACOSX_DEPLOYMENT_TARGET = 13.0;
				MTL_ENABLE_DEBUG_INFO = INCLUDE_SOURCE;
				MTL_FAST_MATH = YES;
				ONLY_ACTIVE_ARCH = YES;
				SDKROOT = macosx;
				SWIFT_ACTIVE_COMPILATION_CONDITIONS = "DEBUG $(inherited)";
				SWIFT_OPTIMIZATION_LEVEL = "-Onone";
			};
			name = Debug;
		};
		C0C16B502F7423BF00A2A16F /* Release */ = {
			isa = XCBuildConfiguration;
			baseConfigurationReference = 9F23A0023C5A4B7200A00001 /* Signing.xcconfig */;
			buildSettings = {
				ALWAYS_SEARCH_USER_PATHS = NO;
				ASSETCATALOG_COMPILER_GENERATE_SWIFT_ASSET_SYMBOL_EXTENSIONS = YES;
				CLANG_ANALYZER_NONNULL = YES;
				CLANG_ANALYZER_NUMBER_OBJECT_CONVERSION = YES_AGGRESSIVE;
				CLANG_CXX_LANGUAGE_STANDARD = "gnu++20";
				CLANG_ENABLE_MODULES = YES;
				CLANG_ENABLE_OBJC_ARC = YES;
				CLANG_ENABLE_OBJC_WEAK = YES;
				CLANG_WARN_BLOCK_CAPTURE_AUTORELEASING = YES;
				CLANG_WARN_BOOL_CONVERSION = YES;
				CLANG_WARN_COMMA = YES;
				CLANG_WARN_CONSTANT_CONVERSION = YES;
				CLANG_WARN_DEPRECATED_OBJC_IMPLEMENTATIONS = YES;
				CLANG_WARN_DIRECT_OBJC_ISA_USAGE = YES_ERROR;
				CLANG_WARN_DOCUMENTATION_COMMENTS = YES;
				CLANG_WARN_EMPTY_BODY = YES;
				CLANG_WARN_ENUM_CONVERSION = YES;
				CLANG_WARN_INFINITE_RECURSION = YES;
				CLANG_WARN_INT_CONVERSION = YES;
				CLANG_WARN_NON_LITERAL_NULL_CONVERSION = YES;
				CLANG_WARN_OBJC_IMPLICIT_RETAIN_SELF = YES;
				CLANG_WARN_OBJC_LITERAL_CONVERSION = YES;
				CLANG_WARN_OBJC_ROOT_CLASS = YES_ERROR;
				CLANG_WARN_QUOTED_INCLUDE_IN_FRAMEWORK_HEADER = YES;
				CLANG_WARN_RANGE_LOOP_ANALYSIS = YES;
				CLANG_WARN_STRICT_PROTOTYPES = YES;
				CLANG_WARN_SUSPICIOUS_MOVE = YES;
				CLANG_WARN_UNGUARDED_AVAILABILITY = YES_AGGRESSIVE;
				CLANG_WARN_UNREACHABLE_CODE = YES;
				CLANG_WARN__DUPLICATE_METHOD_MATCH = YES;
				COPY_PHASE_STRIP = NO;
				DEBUG_INFORMATION_FORMAT = "dwarf-with-dsym";
				DEVELOPMENT_TEAM = "$(CODEXPANEL_DEVELOPMENT_TEAM)";
				ENABLE_NS_ASSERTIONS = NO;
				ENABLE_STRICT_OBJC_MSGSEND = YES;
				ENABLE_USER_SCRIPT_SANDBOXING = YES;
				GCC_C_LANGUAGE_STANDARD = gnu17;
				GCC_NO_COMMON_BLOCKS = YES;
				GCC_WARN_64_TO_32_BIT_CONVERSION = YES;
				GCC_WARN_ABOUT_RETURN_TYPE = YES_ERROR;
				GCC_WARN_UNDECLARED_SELECTOR = YES;
				GCC_WARN_UNINITIALIZED_AUTOS = YES_AGGRESSIVE;
				GCC_WARN_UNUSED_FUNCTION = YES;
				GCC_WARN_UNUSED_VARIABLE = YES;
				LOCALIZATION_PREFERS_STRING_CATALOGS = YES;
				MACOSX_DEPLOYMENT_TARGET = 13.0;
				MTL_ENABLE_DEBUG_INFO = NO;
				MTL_FAST_MATH = YES;
				SDKROOT = macosx;
				SWIFT_COMPILATION_MODE = wholemodule;
			};
			name = Release;
		};
		C0C16B522F7423BF00A2A16F /* Debug */ = {
			isa = XCBuildConfiguration;
			baseConfigurationReference = 9F23A0023C5A4B7200A00001 /* Signing.xcconfig */;
			buildSettings = {
				ASSETCATALOG_COMPILER_APPICON_NAME = AppIcon;
				ASSETCATALOG_COMPILER_GLOBAL_ACCENT_COLOR_NAME = AccentColor;
				CODEXPANEL_CLI_HELPER_NAME = "codexpanel-dev";
				CODEXPANEL_AUTOMATION_URL_SCHEME = "codexpanel-dev";
				CODEXPANEL_OAUTH_URL_SCHEME = com.codexpanel.dev.oauth;
				CODE_SIGN_ENTITLEMENTS = codexPanel/codexPanel.entitlements;
				CODE_SIGN_IDENTITY = "$(CODEXPANEL_CODE_SIGN_IDENTITY)";
				CODE_SIGN_STYLE = "$(CODEXPANEL_CODE_SIGN_STYLE)";
				COMBINE_HIDPI_IMAGES = YES;
				CURRENT_PROJECT_VERSION = 1;
				DEVELOPMENT_TEAM = "$(CODEXPANEL_DEVELOPMENT_TEAM)";
				ENABLE_APP_SANDBOX = NO;
				ENABLE_HARDENED_RUNTIME = YES;
				ENABLE_PREVIEWS = YES;
				ENABLE_USER_SELECTED_FILES = readonly;
				GENERATE_INFOPLIST_FILE = YES;
				INFOPLIST_FILE = codexPanel/Info.plist;
				INFOPLIST_KEY_CFBundleDisplayName = "Codex Panel DEV";
				INFOPLIST_KEY_CFBundleName = "Codex Panel DEV";
				INFOPLIST_KEY_LSApplicationCategoryType = "public.app-category.developer-tools";
				INFOPLIST_KEY_LSUIElement = YES;
				INFOPLIST_KEY_NSHumanReadableCopyright = "";
				LD_RUNPATH_SEARCH_PATHS = (
					"$(inherited)",
					"@executable_path/../Frameworks",
				);
				MACOSX_DEPLOYMENT_TARGET = 13.0;
				MARKETING_VERSION = 1.5.10;
				PRODUCT_BUNDLE_IDENTIFIER = com.codexpanel.dev;
				PRODUCT_NAME = "Codex Panel DEV";
				PROVISIONING_PROFILE_SPECIFIER = "$(CODEXPANEL_PROVISIONING_PROFILE_SPECIFIER)";
				REGISTER_APP_GROUPS = YES;
				STRING_CATALOG_GENERATE_SYMBOLS = YES;
				SWIFT_APPROACHABLE_CONCURRENCY = YES;
				SWIFT_DEFAULT_ACTOR_ISOLATION = MainActor;
				SWIFT_EMIT_LOC_STRINGS = YES;
				SWIFT_UPCOMING_FEATURE_MEMBER_IMPORT_VISIBILITY = YES;
				SWIFT_VERSION = 5.0;
			};
			name = Debug;
		};
		C0C16B532F7423BF00A2A16F /* Release */ = {
			isa = XCBuildConfiguration;
			baseConfigurationReference = 9F23A0023C5A4B7200A00001 /* Signing.xcconfig */;
			buildSettings = {
				ASSETCATALOG_COMPILER_APPICON_NAME = AppIcon;
				ASSETCATALOG_COMPILER_GLOBAL_ACCENT_COLOR_NAME = AccentColor;
				CODEXPANEL_CLI_HELPER_NAME = codexpanel;
				CODEXPANEL_AUTOMATION_URL_SCHEME = codexpanel;
				CODEXPANEL_OAUTH_URL_SCHEME = com.codexpanel.oauth;
				CODE_SIGN_ENTITLEMENTS = codexPanel/codexPanel.entitlements;
				CODE_SIGN_IDENTITY = "$(CODEXPANEL_CODE_SIGN_IDENTITY)";
				CODE_SIGN_STYLE = "$(CODEXPANEL_CODE_SIGN_STYLE)";
				COMBINE_HIDPI_IMAGES = YES;
				CURRENT_PROJECT_VERSION = 1;
				DEVELOPMENT_TEAM = "$(CODEXPANEL_DEVELOPMENT_TEAM)";
				ENABLE_APP_SANDBOX = NO;
				ENABLE_HARDENED_RUNTIME = YES;
				ENABLE_PREVIEWS = YES;
				ENABLE_USER_SELECTED_FILES = readonly;
				GENERATE_INFOPLIST_FILE = YES;
				INFOPLIST_FILE = codexPanel/Info.plist;
				INFOPLIST_KEY_CFBundleDisplayName = "Codex Panel";
				INFOPLIST_KEY_CFBundleName = "Codex Panel";
				INFOPLIST_KEY_LSApplicationCategoryType = "public.app-category.developer-tools";
				INFOPLIST_KEY_LSUIElement = YES;
				INFOPLIST_KEY_NSHumanReadableCopyright = "";
				LD_RUNPATH_SEARCH_PATHS = (
					"$(inherited)",
					"@executable_path/../Frameworks",
				);
				MACOSX_DEPLOYMENT_TARGET = 13.0;
				MARKETING_VERSION = 1.5.10;
				PRODUCT_BUNDLE_IDENTIFIER = com.codexpanel;
				PRODUCT_NAME = "Codex Panel";
				PROVISIONING_PROFILE_SPECIFIER = "$(CODEXPANEL_PROVISIONING_PROFILE_SPECIFIER)";
				REGISTER_APP_GROUPS = YES;
				STRING_CATALOG_GENERATE_SYMBOLS = YES;
				SWIFT_APPROACHABLE_CONCURRENCY = YES;
				SWIFT_DEFAULT_ACTOR_ISOLATION = MainActor;
				SWIFT_EMIT_LOC_STRINGS = YES;
				SWIFT_UPCOMING_FEATURE_MEMBER_IMPORT_VISIBILITY = YES;
				SWIFT_VERSION = 5.0;
			};
			name = Release;
		};
			C0C16B7E2F7428A100A2A16F /* Debug */ = {
				isa = XCBuildConfiguration;
				buildSettings = {
				CODE_SIGNING_ALLOWED = NO;
				CODE_SIGNING_REQUIRED = NO;
				CURRENT_PROJECT_VERSION = 1;
				GENERATE_INFOPLIST_FILE = YES;
				MACOSX_DEPLOYMENT_TARGET = 13.0;
				PRODUCT_BUNDLE_IDENTIFIER = com.codexpanel.tests;
				PRODUCT_NAME = codexpanelTests;
				SKIP_INSTALL = YES;
				SWIFT_APPROACHABLE_CONCURRENCY = YES;
				SWIFT_VERSION = 5.0;
			};
			name = Debug;
		};
		C0C16B7F2F7428A100A2A16F /* Release */ = {
			isa = XCBuildConfiguration;
			buildSettings = {
				CODE_SIGNING_ALLOWED = NO;
				CODE_SIGNING_REQUIRED = NO;
				CURRENT_PROJECT_VERSION = 1;
				GENERATE_INFOPLIST_FILE = YES;
				MACOSX_DEPLOYMENT_TARGET = 13.0;
				PRODUCT_BUNDLE_IDENTIFIER = com.codexpanel.tests;
				PRODUCT_NAME = codexpanelTests;
				SKIP_INSTALL = YES;
				SWIFT_APPROACHABLE_CONCURRENCY = YES;
				SWIFT_VERSION = 5.0;
			};
			name = Release;
		};
		D1D1000B0000000000000001 /* Debug */ = {
			isa = XCBuildConfiguration;
			buildSettings = {
				CODE_SIGNING_ALLOWED = NO;
				CODE_SIGNING_REQUIRED = NO;
				CURRENT_PROJECT_VERSION = 1;
				GENERATE_INFOPLIST_FILE = YES;
				MACOSX_DEPLOYMENT_TARGET = 13.0;
				PRODUCT_BUNDLE_IDENTIFIER = com.codexpanel.cli;
				PRODUCT_NAME = "codexpanel-dev";
				SKIP_INSTALL = YES;
				SWIFT_APPROACHABLE_CONCURRENCY = YES;
				SWIFT_VERSION = 5.0;
			};
			name = Debug;
		};
		D1D1000C0000000000000001 /* Release */ = {
			isa = XCBuildConfiguration;
			buildSettings = {
				CODE_SIGNING_ALLOWED = NO;
				CODE_SIGNING_REQUIRED = NO;
				CURRENT_PROJECT_VERSION = 1;
				GENERATE_INFOPLIST_FILE = YES;
				MACOSX_DEPLOYMENT_TARGET = 13.0;
				PRODUCT_BUNDLE_IDENTIFIER = com.codexpanel.cli;
				PRODUCT_NAME = codexpanel;
				SKIP_INSTALL = YES;
				SWIFT_APPROACHABLE_CONCURRENCY = YES;
				SWIFT_VERSION = 5.0;
			};
			name = Release;
		};
/* End XCBuildConfiguration section */

/* Begin XCConfigurationList section */
		C0C16B412F7423BE00A2A16F /* Build configuration list for PBXProject "codexpanel" */ = {
			isa = XCConfigurationList;
			buildConfigurations = (
				C0C16B4F2F7423BF00A2A16F /* Debug */,
				C0C16B502F7423BF00A2A16F /* Release */,
			);
			defaultConfigurationIsVisible = 0;
			defaultConfigurationName = Release;
		};
		C0C16B512F7423BF00A2A16F /* Build configuration list for PBXNativeTarget "codexpanel" */ = {
			isa = XCConfigurationList;
			buildConfigurations = (
				C0C16B522F7423BF00A2A16F /* Debug */,
				C0C16B532F7423BF00A2A16F /* Release */,
			);
			defaultConfigurationIsVisible = 0;
			defaultConfigurationName = Release;
		};
		C0C16B832F7428A100A2A16F /* Build configuration list for PBXNativeTarget "codexpanelTests" */ = {
			isa = XCConfigurationList;
			buildConfigurations = (
				C0C16B7E2F7428A100A2A16F /* Debug */,
				C0C16B7F2F7428A100A2A16F /* Release */,
			);
			defaultConfigurationIsVisible = 0;
			defaultConfigurationName = Release;
		};
		D1D1000A0000000000000001 /* Build configuration list for PBXNativeTarget "codexpanelCLI" */ = {
			isa = XCConfigurationList;
			buildConfigurations = (
				D1D1000B0000000000000001 /* Debug */,
				D1D1000C0000000000000001 /* Release */,
			);
			defaultConfigurationIsVisible = 0;
			defaultConfigurationName = Release;
		};
/* End XCConfigurationList section */
	};
	rootObject = C0C16B3E2F7423BE00A2A16F /* Project object */;
}
